
Microsoft Visual Studio Solution File, Format Version 12.00
# Visual Studio 15
VisualStudioVersion = 15.0.28307.572
MinimumVisualStudioVersion = 10.0.40219.1
Project("{FAE04EC0-301F-11D3-BF4B-00C04F79EFBC}") = "SwordAndFather", "SwordAndFather\SwordAndFather.csproj", "{35926E4F-F17A-475D-9496-2178CBCB3941}"
EndProject
Global
	GlobalSection(SolutionConfigurationPlatforms) = preSolution
		Debug|Any CPU = Debug|Any CPU
		Release|Any CPU = Release|Any CPU
	EndGlobalSection
	GlobalSection(ProjectConfigurationPlatforms) = postSolution
		{35926E4F-F17A-475D-9496-2178CBCB3941}.Debug|Any CPU.ActiveCfg = Debug|Any CPU
		{35926E4F-F17A-475D-9496-2178CBCB3941}.Debug|Any CPU.Build.0 = Debug|Any CPU
		{35926E4F-F17A-475D-9496-2178CBCB3941}.Release|Any CPU.ActiveCfg = Release|Any CPU
		{35926E4F-F17A-475D-9496-2178CBCB3941}.Release|Any CPU.Build.0 = Release|Any CPU
	EndGlobalSection
	GlobalSection(SolutionProperties) = preSolution
		HideSolutionNode = FALSE
	EndGlobalSection
	GlobalSection(ExtensibilityGlobals) = postSolution
		SolutionGuid = {742CB310-BC47-4B57-A635-DF377FB79A6B}
	EndGlobalSection
EndGlobal
